
Microsoft Visual Studio Solution File, Format Version 12.00
# Visual Studio 2013
VisualStudioVersion = 12.0.31101.0
MinimumVisualStudioVersion = 10.0.40219.1
Project("{8BC9CEB8-8B4A-11D0-8D11-00A0C91BC942}") = "harm", "harm\harm.vcxproj", "{5E517C54-006F-4943-8A74-1A6C134C28CE}"
EndProject
Project("{8BC9CEB8-8B4A-11D0-8D11-00A0C91BC942}") = "langevin", "langevin\langevin.vcxproj", "{3A946B1F-8796-468E-89C2-7D08B1C21A7C}"
EndProject
Project("{8BC9CEB8-8B4A-11D0-8D11-00A0C91BC942}") = "quadratura", "quadratura\quadratura.vcxproj", "{D4BC564A-1900-4730-B75B-2159BA5CF7C8}"
EndProject
Project("{8BC9CEB8-8B4A-11D0-8D11-00A0C91BC942}") = "simplettici", "simplettici\simplettici.vcxproj", "{89D4CB20-E0B4-45B1-9DF1-92A4F9BF7D86}"
EndProject
Project("{8BC9CEB8-8B4A-11D0-8D11-00A0C91BC942}") = "wave", "wave\wave.vcxproj", "{33CD113F-6188-4BA2-9F20-5DE38523FBB7}"
EndProject
Project("{8BC9CEB8-8B4A-11D0-8D11-00A0C91BC942}") = "z3", "z3\z3.vcxproj", "{E380684F-0233-45DA-883A-C19649AC1364}"
EndProject
Global
	GlobalSection(SolutionConfigurationPlatforms) = preSolution
		Debug|Win32 = Debug|Win32
		Release|Win32 = Release|Win32
	EndGlobalSection
	GlobalSection(ProjectConfigurationPlatforms) = postSolution
		{5E517C54-006F-4943-8A74-1A6C134C28CE}.Debug|Win32.ActiveCfg = Debug|Win32
		{5E517C54-006F-4943-8A74-1A6C134C28CE}.Debug|Win32.Build.0 = Debug|Win32
		{5E517C54-006F-4943-8A74-1A6C134C28CE}.Release|Win32.ActiveCfg = Release|Win32
		{5E517C54-006F-4943-8A74-1A6C134C28CE}.Release|Win32.Build.0 = Release|Win32
		{3A946B1F-8796-468E-89C2-7D08B1C21A7C}.Debug|Win32.ActiveCfg = Debug|Win32
		{3A946B1F-8796-468E-89C2-7D08B1C21A7C}.Debug|Win32.Build.0 = Debug|Win32
		{3A946B1F-8796-468E-89C2-7D08B1C21A7C}.Release|Win32.ActiveCfg = Release|Win32
		{3A946B1F-8796-468E-89C2-7D08B1C21A7C}.Release|Win32.Build.0 = Release|Win32
		{D4BC564A-1900-4730-B75B-2159BA5CF7C8}.Debug|Win32.ActiveCfg = Debug|Win32
		{D4BC564A-1900-4730-B75B-2159BA5CF7C8}.Debug|Win32.Build.0 = Debug|Win32
		{D4BC564A-1900-4730-B75B-2159BA5CF7C8}.Release|Win32.ActiveCfg = Release|Win32
		{D4BC564A-1900-4730-B75B-2159BA5CF7C8}.Release|Win32.Build.0 = Release|Win32
		{89D4CB20-E0B4-45B1-9DF1-92A4F9BF7D86}.Debug|Win32.ActiveCfg = Debug|Win32
		{89D4CB20-E0B4-45B1-9DF1-92A4F9BF7D86}.Debug|Win32.Build.0 = Debug|Win32
		{89D4CB20-E0B4-45B1-9DF1-92A4F9BF7D86}.Release|Win32.ActiveCfg = Release|Win32
		{89D4CB20-E0B4-45B1-9DF1-92A4F9BF7D86}.Release|Win32.Build.0 = Release|Win32
		{33CD113F-6188-4BA2-9F20-5DE38523FBB7}.Debug|Win32.ActiveCfg = Debug|Win32
		{33CD113F-6188-4BA2-9F20-5DE38523FBB7}.Debug|Win32.Build.0 = Debug|Win32
		{33CD113F-6188-4BA2-9F20-5DE38523FBB7}.Release|Win32.ActiveCfg = Release|Win32
		{33CD113F-6188-4BA2-9F20-5DE38523FBB7}.Release|Win32.Build.0 = Release|Win32
		{E380684F-0233-45DA-883A-C19649AC1364}.Debug|Win32.ActiveCfg = Debug|Win32
		{E380684F-0233-45DA-883A-C19649AC1364}.Debug|Win32.Build.0 = Debug|Win32
		{E380684F-0233-45DA-883A-C19649AC1364}.Release|Win32.ActiveCfg = Release|Win32
		{E380684F-0233-45DA-883A-C19649AC1364}.Release|Win32.Build.0 = Release|Win32
	EndGlobalSection
	GlobalSection(SolutionProperties) = preSolution
		HideSolutionNode = FALSE
	EndGlobalSection
EndGlobal
